
Microsoft Visual Studio Solution File, Format Version 12.00
# Visual Studio 15
VisualStudioVersion = 15.0.27004.2005
MinimumVisualStudioVersion = 10.0.40219.1
Project("{FAE04EC0-301F-11D3-BF4B-00C04F79EFBC}") = "La11-A", "La11-A\La11-A.csproj", "{2C3711E0-6013-4852-8C00-D8A43D2920B2}"
EndProject
Project("{FAE04EC0-301F-11D3-BF4B-00C04F79EFBC}") = "SchoolEntities", "..\SchoolApp\SchoolEntities\SchoolEntities.csproj", "{1FC78DAC-2EE2-45C7-B5D7-E43DC123F2C0}"
EndProject
Project("{FAE04EC0-301F-11D3-BF4B-00C04F79EFBC}") = "SchoolDAL", "..\SchoolApp\SchoolDAL\SchoolDAL.csproj", "{AD1D50AE-8435-484A-8C9E-1AE1EA59E3D2}"
EndProject
Project("{FAE04EC0-301F-11D3-BF4B-00C04F79EFBC}") = "SchoolBLL", "..\SchoolApp\SchoolBLL\SchoolBLL.csproj", "{36EBB1BA-41D1-49E3-810F-FE2B3A2533BC}"
EndProject
Project("{FAE04EC0-301F-11D3-BF4B-00C04F79EFBC}") = "ScholWEBRemake1", "..\SchoolApp\ScholWEBRemake1\ScholWEBRemake1.csproj", "{533EBD3E-A5C6-469D-B24F-1DD78E63357F}"
EndProject
Global
	GlobalSection(SolutionConfigurationPlatforms) = preSolution
		Debug|Any CPU = Debug|Any CPU
		Release|Any CPU = Release|Any CPU
	EndGlobalSection
	GlobalSection(ProjectConfigurationPlatforms) = postSolution
		{2C3711E0-6013-4852-8C00-D8A43D2920B2}.Debug|Any CPU.ActiveCfg = Debug|Any CPU
		{2C3711E0-6013-4852-8C00-D8A43D2920B2}.Debug|Any CPU.Build.0 = Debug|Any CPU
		{2C3711E0-6013-4852-8C00-D8A43D2920B2}.Release|Any CPU.ActiveCfg = Release|Any CPU
		{2C3711E0-6013-4852-8C00-D8A43D2920B2}.Release|Any CPU.Build.0 = Release|Any CPU
		{1FC78DAC-2EE2-45C7-B5D7-E43DC123F2C0}.Debug|Any CPU.ActiveCfg = Debug|Any CPU
		{1FC78DAC-2EE2-45C7-B5D7-E43DC123F2C0}.Debug|Any CPU.Build.0 = Debug|Any CPU
		{1FC78DAC-2EE2-45C7-B5D7-E43DC123F2C0}.Release|Any CPU.ActiveCfg = Release|Any CPU
		{1FC78DAC-2EE2-45C7-B5D7-E43DC123F2C0}.Release|Any CPU.Build.0 = Release|Any CPU
		{AD1D50AE-8435-484A-8C9E-1AE1EA59E3D2}.Debug|Any CPU.ActiveCfg = Debug|Any CPU
		{AD1D50AE-8435-484A-8C9E-1AE1EA59E3D2}.Debug|Any CPU.Build.0 = Debug|Any CPU
		{AD1D50AE-8435-484A-8C9E-1AE1EA59E3D2}.Release|Any CPU.ActiveCfg = Release|Any CPU
		{AD1D50AE-8435-484A-8C9E-1AE1EA59E3D2}.Release|Any CPU.Build.0 = Release|Any CPU
		{36EBB1BA-41D1-49E3-810F-FE2B3A2533BC}.Debug|Any CPU.ActiveCfg = Debug|Any CPU
		{36EBB1BA-41D1-49E3-810F-FE2B3A2533BC}.Debug|Any CPU.Build.0 = Debug|Any CPU
		{36EBB1BA-41D1-49E3-810F-FE2B3A2533BC}.Release|Any CPU.ActiveCfg = Release|Any CPU
		{36EBB1BA-41D1-49E3-810F-FE2B3A2533BC}.Release|Any CPU.Build.0 = Release|Any CPU
		{533EBD3E-A5C6-469D-B24F-1DD78E63357F}.Debug|Any CPU.ActiveCfg = Debug|Any CPU
		{533EBD3E-A5C6-469D-B24F-1DD78E63357F}.Debug|Any CPU.Build.0 = Debug|Any CPU
		{533EBD3E-A5C6-469D-B24F-1DD78E63357F}.Release|Any CPU.ActiveCfg = Release|Any CPU
		{533EBD3E-A5C6-469D-B24F-1DD78E63357F}.Release|Any CPU.Build.0 = Release|Any CPU
	EndGlobalSection
	GlobalSection(SolutionProperties) = preSolution
		HideSolutionNode = FALSE
	EndGlobalSection
	GlobalSection(ExtensibilityGlobals) = postSolution
		SolutionGuid = {858F5EA2-0F78-4E00-BBBA-839672F51621}
	EndGlobalSection
EndGlobal
